{
  "name": "tic-tac-toe-nodejs",
  "version": "1.0.0",
  "lockfileVersion": 1,
  "requires": true,
  "dependencies": {
    "@types/keypress": {
      "version": "2.0.30",
      "resolved": "https://registry.npmjs.org/@types/keypress/-/keypress-2.0.30.tgz",
      "integrity": "sha512-PCS6Mrv4gbQ9167E25nuVmqerT4xM/zWuVFTLfHdQgBwmsfMj2kXR1DI3qZ5N3p21gbrPweRghci2CjMHRCWkA=="
    },
    "keypress": {
      "version": "0.2.1",
      "resolved": "https://registry.npmjs.org/keypress/-/keypress-0.2.1.tgz",
      "integrity": "sha1-HoBFQlABjbrUw/6USX1uZ7YmnHc="
    }
  }
}
